
Microsoft Visual Studio Solution File, Format Version 12.00
# Visual Studio Version 17
VisualStudioVersion = 17.8.34316.72
MinimumVisualStudioVersion = 10.0.40219.1
Project("{FAE04EC0-301F-11D3-BF4B-00C04F79EFBC}") = "Individuellt_Databasprojekt", "Individuellt_Databasprojekt\Individuellt_Databasprojekt.csproj", "{ED8A6C85-C95A-4CDD-AD56-61E3843D3327}"
EndProject
Global
	GlobalSection(SolutionConfigurationPlatforms) = preSolution
		Debug|Any CPU = Debug|Any CPU
		Release|Any CPU = Release|Any CPU
	EndGlobalSection
	GlobalSection(ProjectConfigurationPlatforms) = postSolution
		{ED8A6C85-C95A-4CDD-AD56-61E3843D3327}.Debug|Any CPU.ActiveCfg = Debug|Any CPU
		{ED8A6C85-C95A-4CDD-AD56-61E3843D3327}.Debug|Any CPU.Build.0 = Debug|Any CPU
		{ED8A6C85-C95A-4CDD-AD56-61E3843D3327}.Release|Any CPU.ActiveCfg = Release|Any CPU
		{ED8A6C85-C95A-4CDD-AD56-61E3843D3327}.Release|Any CPU.Build.0 = Release|Any CPU
	EndGlobalSection
	GlobalSection(SolutionProperties) = preSolution
		HideSolutionNode = FALSE
	EndGlobalSection
	GlobalSection(ExtensibilityGlobals) = postSolution
		SolutionGuid = {4B0B4B81-0251-4429-B39E-5744A6D9DEFB}
	EndGlobalSection
EndGlobal
